
Microsoft Visual Studio Solution File, Format Version 12.00
# Visual Studio Version 17
VisualStudioVersion = 17.1.32414.318
MinimumVisualStudioVersion = 10.0.40219.1
Project("{FAE04EC0-301F-11D3-BF4B-00C04F79EFBC}") = "FilmBuff", "FilmBuff\FilmBuff.csproj", "{EEB3201D-FBCA-4A3C-9E60-3C36F4E11255}"
EndProject
Global
	GlobalSection(SolutionConfigurationPlatforms) = preSolution
		Debug|Any CPU = Debug|Any CPU
		Release|Any CPU = Release|Any CPU
	EndGlobalSection
	GlobalSection(ProjectConfigurationPlatforms) = postSolution
		{EEB3201D-FBCA-4A3C-9E60-3C36F4E11255}.Debug|Any CPU.ActiveCfg = Debug|Any CPU
		{EEB3201D-FBCA-4A3C-9E60-3C36F4E11255}.Debug|Any CPU.Build.0 = Debug|Any CPU
		{EEB3201D-FBCA-4A3C-9E60-3C36F4E11255}.Release|Any CPU.ActiveCfg = Release|Any CPU
		{EEB3201D-FBCA-4A3C-9E60-3C36F4E11255}.Release|Any CPU.Build.0 = Release|Any CPU
	EndGlobalSection
	GlobalSection(SolutionProperties) = preSolution
		HideSolutionNode = FALSE
	EndGlobalSection
	GlobalSection(ExtensibilityGlobals) = postSolution
		SolutionGuid = {94CA836B-B7D5-41CF-BD48-7E600AF5FABC}
	EndGlobalSection
EndGlobal
